
Microsoft Visual Studio Solution File, Format Version 12.00
# Visual Studio 15
VisualStudioVersion = 15.0.27004.2005
MinimumVisualStudioVersion = 10.0.40219.1
Project("{8BC9CEB8-8B4A-11D0-8D11-00A0C91BC942}") = "43Ebanisto", "43Ebanisto\43Ebanisto.vcxproj", "{940D5B27-3BE5-4FB9-98E9-CB59838F0104}"
EndProject
Global
	GlobalSection(SolutionConfigurationPlatforms) = preSolution
		Debug|x64 = Debug|x64
		Debug|x86 = Debug|x86
		Release|x64 = Release|x64
		Release|x86 = Release|x86
	EndGlobalSection
	GlobalSection(ProjectConfigurationPlatforms) = postSolution
		{940D5B27-3BE5-4FB9-98E9-CB59838F0104}.Debug|x64.ActiveCfg = Debug|x64
		{940D5B27-3BE5-4FB9-98E9-CB59838F0104}.Debug|x64.Build.0 = Debug|x64
		{940D5B27-3BE5-4FB9-98E9-CB59838F0104}.Debug|x86.ActiveCfg = Debug|Win32
		{940D5B27-3BE5-4FB9-98E9-CB59838F0104}.Debug|x86.Build.0 = Debug|Win32
		{940D5B27-3BE5-4FB9-98E9-CB59838F0104}.Release|x64.ActiveCfg = Release|x64
		{940D5B27-3BE5-4FB9-98E9-CB59838F0104}.Release|x64.Build.0 = Release|x64
		{940D5B27-3BE5-4FB9-98E9-CB59838F0104}.Release|x86.ActiveCfg = Release|Win32
		{940D5B27-3BE5-4FB9-98E9-CB59838F0104}.Release|x86.Build.0 = Release|Win32
	EndGlobalSection
	GlobalSection(SolutionProperties) = preSolution
		HideSolutionNode = FALSE
	EndGlobalSection
	GlobalSection(ExtensibilityGlobals) = postSolution
		SolutionGuid = {78F04CD2-23A0-47A9-A555-8122745364DF}
	EndGlobalSection
EndGlobal
