
Microsoft Visual Studio Solution File, Format Version 12.00
# Visual Studio 15
VisualStudioVersion = 15.0.27004.2005
MinimumVisualStudioVersion = 10.0.40219.1
Project("{8BC9CEB8-8B4A-11D0-8D11-00A0C91BC942}") = "traeas", "traeas\traeas.vcxproj", "{F19715AE-5544-4ACF-BA99-43D87DB8CEA0}"
EndProject
Global
	GlobalSection(SolutionConfigurationPlatforms) = preSolution
		Debug|x64 = Debug|x64
		Debug|x86 = Debug|x86
		Release|x64 = Release|x64
		Release|x86 = Release|x86
	EndGlobalSection
	GlobalSection(ProjectConfigurationPlatforms) = postSolution
		{F19715AE-5544-4ACF-BA99-43D87DB8CEA0}.Debug|x64.ActiveCfg = Debug|x64
		{F19715AE-5544-4ACF-BA99-43D87DB8CEA0}.Debug|x64.Build.0 = Debug|x64
		{F19715AE-5544-4ACF-BA99-43D87DB8CEA0}.Debug|x86.ActiveCfg = Debug|Win32
		{F19715AE-5544-4ACF-BA99-43D87DB8CEA0}.Debug|x86.Build.0 = Debug|Win32
		{F19715AE-5544-4ACF-BA99-43D87DB8CEA0}.Release|x64.ActiveCfg = Release|x64
		{F19715AE-5544-4ACF-BA99-43D87DB8CEA0}.Release|x64.Build.0 = Release|x64
		{F19715AE-5544-4ACF-BA99-43D87DB8CEA0}.Release|x86.ActiveCfg = Release|Win32
		{F19715AE-5544-4ACF-BA99-43D87DB8CEA0}.Release|x86.Build.0 = Release|Win32
	EndGlobalSection
	GlobalSection(SolutionProperties) = preSolution
		HideSolutionNode = FALSE
	EndGlobalSection
	GlobalSection(ExtensibilityGlobals) = postSolution
		SolutionGuid = {788DF119-24CF-4E2A-AA9B-78C8F0B45FF2}
	EndGlobalSection
EndGlobal
