
Microsoft Visual Studio Solution File, Format Version 12.00
# Visual Studio 15
VisualStudioVersion = 15.0.27004.2005
MinimumVisualStudioVersion = 10.0.40219.1
Project("{8BC9CEB8-8B4A-11D0-8D11-00A0C91BC942}") = "juez12", "juez12\juez12.vcxproj", "{F4CE2163-1EB3-42D6-8DFF-323AA63DA855}"
EndProject
Global
	GlobalSection(SolutionConfigurationPlatforms) = preSolution
		Debug|x64 = Debug|x64
		Debug|x86 = Debug|x86
		Release|x64 = Release|x64
		Release|x86 = Release|x86
	EndGlobalSection
	GlobalSection(ProjectConfigurationPlatforms) = postSolution
		{F4CE2163-1EB3-42D6-8DFF-323AA63DA855}.Debug|x64.ActiveCfg = Debug|x64
		{F4CE2163-1EB3-42D6-8DFF-323AA63DA855}.Debug|x64.Build.0 = Debug|x64
		{F4CE2163-1EB3-42D6-8DFF-323AA63DA855}.Debug|x86.ActiveCfg = Debug|Win32
		{F4CE2163-1EB3-42D6-8DFF-323AA63DA855}.Debug|x86.Build.0 = Debug|Win32
		{F4CE2163-1EB3-42D6-8DFF-323AA63DA855}.Release|x64.ActiveCfg = Release|x64
		{F4CE2163-1EB3-42D6-8DFF-323AA63DA855}.Release|x64.Build.0 = Release|x64
		{F4CE2163-1EB3-42D6-8DFF-323AA63DA855}.Release|x86.ActiveCfg = Release|Win32
		{F4CE2163-1EB3-42D6-8DFF-323AA63DA855}.Release|x86.Build.0 = Release|Win32
	EndGlobalSection
	GlobalSection(SolutionProperties) = preSolution
		HideSolutionNode = FALSE
	EndGlobalSection
	GlobalSection(ExtensibilityGlobals) = postSolution
		SolutionGuid = {7C2E1EBA-E020-4E97-94FA-A7644166FE87}
	EndGlobalSection
EndGlobal
